
Microsoft Visual Studio Solution File, Format Version 12.00
# Visual Studio Version 17
VisualStudioVersion = 17.8.34330.188
MinimumVisualStudioVersion = 10.0.40219.1
Project("{FAE04EC0-301F-11D3-BF4B-00C04F79EFBC}") = "WebApi-Projeto-Funcionarios", "WebApi-Projeto-Funcionarios\WebApi-Projeto-Funcionarios.csproj", "{ED01041C-9FA1-4603-8F10-A8CA2A97CC43}"
EndProject
Global
	GlobalSection(SolutionConfigurationPlatforms) = preSolution
		Debug|Any CPU = Debug|Any CPU
		Release|Any CPU = Release|Any CPU
	EndGlobalSection
	GlobalSection(ProjectConfigurationPlatforms) = postSolution
		{ED01041C-9FA1-4603-8F10-A8CA2A97CC43}.Debug|Any CPU.ActiveCfg = Debug|Any CPU
		{ED01041C-9FA1-4603-8F10-A8CA2A97CC43}.Debug|Any CPU.Build.0 = Debug|Any CPU
		{ED01041C-9FA1-4603-8F10-A8CA2A97CC43}.Release|Any CPU.ActiveCfg = Release|Any CPU
		{ED01041C-9FA1-4603-8F10-A8CA2A97CC43}.Release|Any CPU.Build.0 = Release|Any CPU
	EndGlobalSection
	GlobalSection(SolutionProperties) = preSolution
		HideSolutionNode = FALSE
	EndGlobalSection
	GlobalSection(ExtensibilityGlobals) = postSolution
		SolutionGuid = {D90B1178-E780-42CC-AF10-39306540C2BB}
	EndGlobalSection
EndGlobal
